
Microsoft Visual Studio Solution File, Format Version 12.00
# Visual Studio Version 16
VisualStudioVersion = 16.0.32428.217
MinimumVisualStudioVersion = 10.0.40219.1
Project("{FAE04EC0-301F-11D3-BF4B-00C04F79EFBC}") = "DemoQA", "DemoQA\DemoQA.csproj", "{F6836871-AEF7-43EC-AD6F-C9435DC15679}"
EndProject
Global
	GlobalSection(SolutionConfigurationPlatforms) = preSolution
		Debug|Any CPU = Debug|Any CPU
		Release|Any CPU = Release|Any CPU
	EndGlobalSection
	GlobalSection(ProjectConfigurationPlatforms) = postSolution
		{F6836871-AEF7-43EC-AD6F-C9435DC15679}.Debug|Any CPU.ActiveCfg = Debug|Any CPU
		{F6836871-AEF7-43EC-AD6F-C9435DC15679}.Debug|Any CPU.Build.0 = Debug|Any CPU
		{F6836871-AEF7-43EC-AD6F-C9435DC15679}.Release|Any CPU.ActiveCfg = Release|Any CPU
		{F6836871-AEF7-43EC-AD6F-C9435DC15679}.Release|Any CPU.Build.0 = Release|Any CPU
	EndGlobalSection
	GlobalSection(SolutionProperties) = preSolution
		HideSolutionNode = FALSE
	EndGlobalSection
	GlobalSection(ExtensibilityGlobals) = postSolution
		SolutionGuid = {4B37DCBB-3ED3-4F8D-80CE-68EA0CD2E285}
	EndGlobalSection
EndGlobal
