
Microsoft Visual Studio Solution File, Format Version 12.00
# Visual Studio Version 17
VisualStudioVersion = 17.1.32421.90
MinimumVisualStudioVersion = 10.0.40219.1
Project("{FAE04EC0-301F-11D3-BF4B-00C04F79EFBC}") = "UnitTesting1", "UnitTesting1\UnitTesting1.csproj", "{DF4A544B-D490-4661-87D3-D9FAA4C730EE}"
EndProject
Global
	GlobalSection(SolutionConfigurationPlatforms) = preSolution
		Debug|Any CPU = Debug|Any CPU
		Release|Any CPU = Release|Any CPU
	EndGlobalSection
	GlobalSection(ProjectConfigurationPlatforms) = postSolution
		{DF4A544B-D490-4661-87D3-D9FAA4C730EE}.Debug|Any CPU.ActiveCfg = Debug|Any CPU
		{DF4A544B-D490-4661-87D3-D9FAA4C730EE}.Debug|Any CPU.Build.0 = Debug|Any CPU
		{DF4A544B-D490-4661-87D3-D9FAA4C730EE}.Release|Any CPU.ActiveCfg = Release|Any CPU
		{DF4A544B-D490-4661-87D3-D9FAA4C730EE}.Release|Any CPU.Build.0 = Release|Any CPU
	EndGlobalSection
	GlobalSection(SolutionProperties) = preSolution
		HideSolutionNode = FALSE
	EndGlobalSection
	GlobalSection(ExtensibilityGlobals) = postSolution
		SolutionGuid = {46F6E1E1-45B7-4D4D-BDA0-E9E06346A2E1}
	EndGlobalSection
EndGlobal
